// !$*UTF8*$!
{
	archiveVersion = 1;
	classes = {
	};
	objectVersion = 46;
	objects = {

/* Begin PBXBuildFile section */
		924F50201C094A3C002F8F2B /* main.m in Sources */ = {isa = PBXBuildFile; fileRef = 924F501F1C094A3C002F8F2B /* main.m */; };
		924F50231C094A3C002F8F2B /* AppDelegate.m in Sources */ = {isa = PBXBuildFile; fileRef = 924F50221C094A3C002F8F2B /* AppDelegate.m */; };
		924F50261C094A3C002F8F2B /* ViewController.m in Sources */ = {isa = PBXBuildFile; fileRef = 924F50251C094A3C002F8F2B /* ViewController.m */; };
		924F502B1C094A3C002F8F2B /* Assets.xcassets in Resources */ = {isa = PBXBuildFile; fileRef = 924F502A1C094A3C002F8F2B /* Assets.xcassets */; };
		924F502E1C094A3C002F8F2B /* LaunchScreen.storyboard in Resources */ = {isa = PBXBuildFile; fileRef = 924F502C1C094A3C002F8F2B /* LaunchScreen.storyboard */; };
		924F503C1C095251002F8F2B /* MainController.m in Sources */ = {isa = PBXBuildFile; fileRef = 924F503B1C095251002F8F2B /* MainController.m */; };
		924F50401C095272002F8F2B /* MainCell.m in Sources */ = {isa = PBXBuildFile; fileRef = 924F503F1C095272002F8F2B /* MainCell.m */; };
		927CD8A61C0AD84E00DACA4E /* ParallaxHeaderView.m in Sources */ = {isa = PBXBuildFile; fileRef = 927CD8A51C0AD84E00DACA4E /* ParallaxHeaderView.m */; };
		927CD8AA1C0AED5100DACA4E /* UIImage+ImageEffects.m in Sources */ = {isa = PBXBuildFile; fileRef = 927CD8A91C0AED5100DACA4E /* UIImage+ImageEffects.m */; };
		92B167DD1C0982DC00634428 /* Main.storyboard in Resources */ = {isa = PBXBuildFile; fileRef = 92B167DC1C0982DC00634428 /* Main.storyboard */; };
		92B167E21C09A22D00634428 /* UINavigationBar+Awesome.m in Sources */ = {isa = PBXBuildFile; fileRef = 92B167E11C09A22D00634428 /* UINavigationBar+Awesome.m */; };
		FA82B0C09097D7868107AC44 /* libPods.a in Frameworks */ = {isa = PBXBuildFile; fileRef = 702101AA370675A628B46678 /* libPods.a */; };
/* End PBXBuildFile section */

/* Begin PBXFileReference section */
		6D8A82074A87F9960AB2D523 /* Pods.debug.xcconfig */ = {isa = PBXFileReference; includeInIndex = 1; lastKnownFileType = text.xcconfig; name = Pods.debug.xcconfig; path = "Pods/Target Support Files/Pods/Pods.debug.xcconfig"; sourceTree = "<group>"; };
		702101AA370675A628B46678 /* libPods.a */ = {isa = PBXFileReference; explicitFileType = archive.ar; includeInIndex = 0; path = libPods.a; sourceTree = BUILT_PRODUCTS_DIR; };
		924F501B1C094A3C002F8F2B /* FakeZhihuDaily.app */ = {isa = PBXFileReference; explicitFileType = wrapper.application; includeInIndex = 0; path = FakeZhihuDaily.app; sourceTree = BUILT_PRODUCTS_DIR; };
		924F501F1C094A3C002F8F2B /* main.m */ = {isa = PBXFileReference; lastKnownFileType = sourcecode.c.objc; path = main.m; sourceTree = "<group>"; };
		924F50211C094A3C002F8F2B /* AppDelegate.h */ = {isa = PBXFileReference; lastKnownFileType = sourcecode.c.h; path = AppDelegate.h; sourceTree = "<group>"; };
		924F50221C094A3C002F8F2B /* AppDelegate.m */ = {isa = PBXFileReference; lastKnownFileType = sourcecode.c.objc; path = AppDelegate.m; sourceTree = "<group>"; };
		924F50241C094A3C002F8F2B /* ViewController.h */ = {isa = PBXFileReference; lastKnownFileType = sourcecode.c.h; path = ViewController.h; sourceTree = "<group>"; };
		924F50251C094A3C002F8F2B /* ViewController.m */ = {isa = PBXFileReference; lastKnownFileType = sourcecode.c.objc; path = ViewController.m; sourceTree = "<group>"; };
		924F502A1C094A3C002F8F2B /* Assets.xcassets */ = {isa = PBXFileReference; lastKnownFileType = folder.assetcatalog; path = Assets.xcassets; sourceTree = "<group>"; };
		924F502D1C094A3C002F8F2B /* Base */ = {isa = PBXFileReference; lastKnownFileType = file.storyboard; name = Base; path = Base.lproj/LaunchScreen.storyboard; sourceTree = "<group>"; };
		924F502F1C094A3C002F8F2B /* Info.plist */ = {isa = PBXFileReference; lastKnownFileType = text.plist.xml; path = Info.plist; sourceTree = "<group>"; };
		924F503A1C095251002F8F2B /* MainController.h */ = {isa = PBXFileReference; fileEncoding = 4; lastKnownFileType = sourcecode.c.h; name = MainController.h; path = Controllers/MainController/MainController.h; sourceTree = "<group>"; };
		924F503B1C095251002F8F2B /* MainController.m */ = {isa = PBXFileReference; fileEncoding = 4; lastKnownFileType = sourcecode.c.objc; name = MainController.m; path = Controllers/MainController/MainController.m; sourceTree = "<group>"; };
		924F503E1C095272002F8F2B /* MainCell.h */ = {isa = PBXFileReference; fileEncoding = 4; lastKnownFileType = sourcecode.c.h; name = MainCell.h; path = Controllers/MainController/Cells/MainCell.h; sourceTree = "<group>"; };
		924F503F1C095272002F8F2B /* MainCell.m */ = {isa = PBXFileReference; fileEncoding = 4; lastKnownFileType = sourcecode.c.objc; name = MainCell.m; path = Controllers/MainController/Cells/MainCell.m; sourceTree = "<group>"; };
		927CD8A41C0AD84E00DACA4E /* ParallaxHeaderView.h */ = {isa = PBXFileReference; fileEncoding = 4; lastKnownFileType = sourcecode.c.h; name = ParallaxHeaderView.h; path = Views/ParallaxHeaderView/ParallaxHeaderView.h; sourceTree = "<group>"; };
		927CD8A51C0AD84E00DACA4E /* ParallaxHeaderView.m */ = {isa = PBXFileReference; fileEncoding = 4; lastKnownFileType = sourcecode.c.objc; name = ParallaxHeaderView.m; path = Views/ParallaxHeaderView/ParallaxHeaderView.m; sourceTree = "<group>"; };
		927CD8A81C0AED5100DACA4E /* UIImage+ImageEffects.h */ = {isa = PBXFileReference; fileEncoding = 4; lastKnownFileType = sourcecode.c.h; name = "UIImage+ImageEffects.h"; path = "Categories/UIImage(Effects)/UIImage+ImageEffects.h"; sourceTree = "<group>"; };
		927CD8A91C0AED5100DACA4E /* UIImage+ImageEffects.m */ = {isa = PBXFileReference; fileEncoding = 4; lastKnownFileType = sourcecode.c.objc; name = "UIImage+ImageEffects.m"; path = "Categories/UIImage(Effects)/UIImage+ImageEffects.m"; sourceTree = "<group>"; };
		92B167DC1C0982DC00634428 /* Main.storyboard */ = {isa = PBXFileReference; fileEncoding = 4; lastKnownFileType = file.storyboard; path = Main.storyboard; sourceTree = "<group>"; };
		92B167E01C09A22D00634428 /* UINavigationBar+Awesome.h */ = {isa = PBXFileReference; fileEncoding = 4; lastKnownFileType = sourcecode.c.h; name = "UINavigationBar+Awesome.h"; path = "Categories/NavigationBar(Awesome)/UINavigationBar+Awesome.h"; sourceTree = "<group>"; };
		92B167E11C09A22D00634428 /* UINavigationBar+Awesome.m */ = {isa = PBXFileReference; fileEncoding = 4; lastKnownFileType = sourcecode.c.objc; name = "UINavigationBar+Awesome.m"; path = "Categories/NavigationBar(Awesome)/UINavigationBar+Awesome.m"; sourceTree = "<group>"; };
		F3EFCFA7F704151211525DA8 /* Pods.release.xcconfig */ = {isa = PBXFileReference; includeInIndex = 1; lastKnownFileType = text.xcconfig; name = Pods.release.xcconfig; path = "Pods/Target Support Files/Pods/Pods.release.xcconfig"; sourceTree = "<group>"; };
/* End PBXFileReference section */

/* Begin PBXFrameworksBuildPhase section */
		924F50181C094A3C002F8F2B /* Frameworks */ = {
			isa = PBXFrameworksBuildPhase;
			buildActionMask = 2147483647;
			files = (
				FA82B0C09097D7868107AC44 /* libPods.a in Frameworks */,
			);
			runOnlyForDeploymentPostprocessing = 0;
		};
/* End PBXFrameworksBuildPhase section */

/* Begin PBXGroup section */
		18B60207D2CD0C6ED447435D /* Frameworks */ = {
			isa = PBXGroup;
			children = (
				702101AA370675A628B46678 /* libPods.a */,
			);
			name = Frameworks;
			sourceTree = "<group>";
		};
		924F50121C094A3C002F8F2B = {
			isa = PBXGroup;
			children = (
				924F501D1C094A3C002F8F2B /* FakeZhihuDaily */,
				924F501C1C094A3C002F8F2B /* Products */,
				A9E649A4CBACE49C050ADBA0 /* Pods */,
				18B60207D2CD0C6ED447435D /* Frameworks */,
			);
			sourceTree = "<group>";
		};
		924F501C1C094A3C002F8F2B /* Products */ = {
			isa = PBXGroup;
			children = (
				924F501B1C094A3C002F8F2B /* FakeZhihuDaily.app */,
			);
			name = Products;
			sourceTree = "<group>";
		};
		924F501D1C094A3C002F8F2B /* FakeZhihuDaily */ = {
			isa = PBXGroup;
			children = (
				92B167DE1C09A1D100634428 /* Categories */,
				924F50381C0951CD002F8F2B /* Views */,
				924F50371C0951B6002F8F2B /* Controllers */,
				924F50361C0951AE002F8F2B /* Models */,
				924F50351C09519E002F8F2B /* Common */,
				924F50211C094A3C002F8F2B /* AppDelegate.h */,
				924F50221C094A3C002F8F2B /* AppDelegate.m */,
				924F50241C094A3C002F8F2B /* ViewController.h */,
				924F50251C094A3C002F8F2B /* ViewController.m */,
				924F502A1C094A3C002F8F2B /* Assets.xcassets */,
				92B167DC1C0982DC00634428 /* Main.storyboard */,
				924F502C1C094A3C002F8F2B /* LaunchScreen.storyboard */,
				924F502F1C094A3C002F8F2B /* Info.plist */,
				924F501E1C094A3C002F8F2B /* Supporting Files */,
			);
			path = FakeZhihuDaily;
			sourceTree = "<group>";
		};
		924F501E1C094A3C002F8F2B /* Supporting Files */ = {
			isa = PBXGroup;
			children = (
				924F501F1C094A3C002F8F2B /* main.m */,
			);
			name = "Supporting Files";
			sourceTree = "<group>";
		};
		924F50351C09519E002F8F2B /* Common */ = {
			isa = PBXGroup;
			children = (
			);
			name = Common;
			sourceTree = "<group>";
		};
		924F50361C0951AE002F8F2B /* Models */ = {
			isa = PBXGroup;
			children = (
			);
			name = Models;
			sourceTree = "<group>";
		};
		924F50371C0951B6002F8F2B /* Controllers */ = {
			isa = PBXGroup;
			children = (
				924F50391C0951F8002F8F2B /* MainController */,
			);
			name = Controllers;
			sourceTree = "<group>";
		};
		924F50381C0951CD002F8F2B /* Views */ = {
			isa = PBXGroup;
			children = (
				927CD8A31C0AD83300DACA4E /* ParallaxHeaderView */,
			);
			name = Views;
			sourceTree = "<group>";
		};
		924F50391C0951F8002F8F2B /* MainController */ = {
			isa = PBXGroup;
			children = (
				924F503D1C095254002F8F2B /* Cells */,
				924F503A1C095251002F8F2B /* MainController.h */,
				924F503B1C095251002F8F2B /* MainController.m */,
			);
			name = MainController;
			sourceTree = "<group>";
		};
		924F503D1C095254002F8F2B /* Cells */ = {
			isa = PBXGroup;
			children = (
				924F503E1C095272002F8F2B /* MainCell.h */,
				924F503F1C095272002F8F2B /* MainCell.m */,
			);
			name = Cells;
			sourceTree = "<group>";
		};
		927CD8A31C0AD83300DACA4E /* ParallaxHeaderView */ = {
			isa = PBXGroup;
			children = (
				927CD8A41C0AD84E00DACA4E /* ParallaxHeaderView.h */,
				927CD8A51C0AD84E00DACA4E /* ParallaxHeaderView.m */,
			);
			name = ParallaxHeaderView;
			sourceTree = "<group>";
		};
		927CD8A71C0AED0D00DACA4E /* UIImage(Effects) */ = {
			isa = PBXGroup;
			children = (
				927CD8A81C0AED5100DACA4E /* UIImage+ImageEffects.h */,
				927CD8A91C0AED5100DACA4E /* UIImage+ImageEffects.m */,
			);
			name = "UIImage(Effects)";
			sourceTree = "<group>";
		};
		92B167DE1C09A1D100634428 /* Categories */ = {
			isa = PBXGroup;
			children = (
				927CD8A71C0AED0D00DACA4E /* UIImage(Effects) */,
				92B167DF1C09A1E700634428 /* NavigationBar(Awesome) */,
			);
			name = Categories;
			sourceTree = "<group>";
		};
		92B167DF1C09A1E700634428 /* NavigationBar(Awesome) */ = {
			isa = PBXGroup;
			children = (
				92B167E01C09A22D00634428 /* UINavigationBar+Awesome.h */,
				92B167E11C09A22D00634428 /* UINavigationBar+Awesome.m */,
			);
			name = "NavigationBar(Awesome)";
			sourceTree = "<group>";
		};
		A9E649A4CBACE49C050ADBA0 /* Pods */ = {
			isa = PBXGroup;
			children = (
				6D8A82074A87F9960AB2D523 /* Pods.debug.xcconfig */,
				F3EFCFA7F704151211525DA8 /* Pods.release.xcconfig */,
			);
			name = Pods;
			sourceTree = "<group>";
		};
/* End PBXGroup section */

/* Begin PBXNativeTarget section */
		924F501A1C094A3C002F8F2B /* FakeZhihuDaily */ = {
			isa = PBXNativeTarget;
			buildConfigurationList = 924F50321C094A3C002F8F2B /* Build configuration list for PBXNativeTarget "FakeZhihuDaily" */;
			buildPhases = (
				82A9741EBA6E18902BF428CF /* Check Pods Manifest.lock */,
				924F50171C094A3C002F8F2B /* Sources */,
				924F50181C094A3C002F8F2B /* Frameworks */,
				924F50191C094A3C002F8F2B /* Resources */,
				2A084B8041D43C8AD8EB5AB0 /* Embed Pods Frameworks */,
				C783FD3956C837C2A0B1960D /* Copy Pods Resources */,
			);
			buildRules = (
			);
			dependencies = (
			);
			name = FakeZhihuDaily;
			productName = FakeZhihuDaily;
			productReference = 924F501B1C094A3C002F8F2B /* FakeZhihuDaily.app */;
			productType = "com.apple.product-type.application";
		};
/* End PBXNativeTarget section */

/* Begin PBXProject section */
		924F50131C094A3C002F8F2B /* Project object */ = {
			isa = PBXProject;
			attributes = {
				LastUpgradeCheck = 0710;
				ORGANIZATIONNAME = ZachZhang;
				TargetAttributes = {
					924F501A1C094A3C002F8F2B = {
						CreatedOnToolsVersion = 7.1;
						DevelopmentTeam = U65QMHS7N2;
					};
				};
			};
			buildConfigurationList = 924F50161C094A3C002F8F2B /* Build configuration list for PBXProject "FakeZhihuDaily" */;
			compatibilityVersion = "Xcode 3.2";
			developmentRegion = English;
			hasScannedForEncodings = 0;
			knownRegions = (
				en,
				Base,
			);
			mainGroup = 924F50121C094A3C002F8F2B;
			productRefGroup = 924F501C1C094A3C002F8F2B /* Products */;
			projectDirPath = "";
			projectRoot = "";
			targets = (
				924F501A1C094A3C002F8F2B /* FakeZhihuDaily */,
			);
		};
/* End PBXProject section */

/* Begin PBXResourcesBuildPhase section */
		924F50191C094A3C002F8F2B /* Resources */ = {
			isa = PBXResourcesBuildPhase;
			buildActionMask = 2147483647;
			files = (
				92B167DD1C0982DC00634428 /* Main.storyboard in Resources */,
				924F502E1C094A3C002F8F2B /* LaunchScreen.storyboard in Resources */,
				924F502B1C094A3C002F8F2B /* Assets.xcassets in Resources */,
			);
			runOnlyForDeploymentPostprocessing = 0;
		};
/* End PBXResourcesBuildPhase section */

/* Begin PBXShellScriptBuildPhase section */
		2A084B8041D43C8AD8EB5AB0 /* Embed Pods Frameworks */ = {
			isa = PBXShellScriptBuildPhase;
			buildActionMask = 2147483647;
			files = (
			);
			inputPaths = (
			);
			name = "Embed Pods Frameworks";
			outputPaths = (
			);
			runOnlyForDeploymentPostprocessing = 0;
			shellPath = /bin/sh;
			shellScript = "\"${SRCROOT}/Pods/Target Support Files/Pods/Pods-frameworks.sh\"\n";
			showEnvVarsInLog = 0;
		};
		82A9741EBA6E18902BF428CF /* Check Pods Manifest.lock */ = {
			isa = PBXShellScriptBuildPhase;
			buildActionMask = 2147483647;
			files = (
			);
			inputPaths = (
			);
			name = "Check Pods Manifest.lock";
			outputPaths = (
			);
			runOnlyForDeploymentPostprocessing = 0;
			shellPath = /bin/sh;
			shellScript = "diff \"${PODS_ROOT}/../Podfile.lock\" \"${PODS_ROOT}/Manifest.lock\" > /dev/null\nif [[ $? != 0 ]] ; then\n    cat << EOM\nerror: The sandbox is not in sync with the Podfile.lock. Run 'pod install' or update your CocoaPods installation.\nEOM\n    exit 1\nfi\n";
			showEnvVarsInLog = 0;
		};
		C783FD3956C837C2A0B1960D /* Copy Pods Resources */ = {
			isa = PBXShellScriptBuildPhase;
			buildActionMask = 2147483647;
			files = (
			);
			inputPaths = (
			);
			name = "Copy Pods Resources";
			outputPaths = (
			);
			runOnlyForDeploymentPostprocessing = 0;
			shellPath = /bin/sh;
			shellScript = "\"${SRCROOT}/Pods/Target Support Files/Pods/Pods-resources.sh\"\n";
			showEnvVarsInLog = 0;
		};
/* End PBXShellScriptBuildPhase section */

/* Begin PBXSourcesBuildPhase section */
		924F50171C094A3C002F8F2B /* Sources */ = {
			isa = PBXSourcesBuildPhase;
			buildActionMask = 2147483647;
			files = (
				927CD8AA1C0AED5100DACA4E /* UIImage+ImageEffects.m in Sources */,
				924F50401C095272002F8F2B /* MainCell.m in Sources */,
				92B167E21C09A22D00634428 /* UINavigationBar+Awesome.m in Sources */,
				924F503C1C095251002F8F2B /* MainController.m in Sources */,
				924F50261C094A3C002F8F2B /* ViewController.m in Sources */,
				927CD8A61C0AD84E00DACA4E /* ParallaxHeaderView.m in Sources */,
				924F50231C094A3C002F8F2B /* AppDelegate.m in Sources */,
				924F50201C094A3C002F8F2B /* main.m in Sources */,
			);
			runOnlyForDeploymentPostprocessing = 0;
		};
/* End PBXSourcesBuildPhase section */

/* Begin PBXVariantGroup section */
		924F502C1C094A3C002F8F2B /* LaunchScreen.storyboard */ = {
			isa = PBXVariantGroup;
			children = (
				924F502D1C094A3C002F8F2B /* Base */,
			);
			name = LaunchScreen.storyboard;
			sourceTree = "<group>";
		};
/* End PBXVariantGroup section */

/* Begin XCBuildConfiguration section */
		924F50301C094A3C002F8F2B /* Debug */ = {
			isa = XCBuildConfiguration;
			buildSettings = {
				ALWAYS_SEARCH_USER_PATHS = NO;
				CLANG_CXX_LANGUAGE_STANDARD = "gnu++0x";
				CLANG_CXX_LIBRARY = "libc++";
				CLANG_ENABLE_MODULES = YES;
				CLANG_ENABLE_OBJC_ARC = YES;
				CLANG_WARN_BOOL_CONVERSION = YES;
				CLANG_WARN_CONSTANT_CONVERSION = YES;
				CLANG_WARN_DIRECT_OBJC_ISA_USAGE = YES_ERROR;
				CLANG_WARN_EMPTY_BODY = YES;
				CLANG_WARN_ENUM_CONVERSION = YES;
				CLANG_WARN_INT_CONVERSION = YES;
				CLANG_WARN_OBJC_ROOT_CLASS = YES_ERROR;
				CLANG_WARN_UNREACHABLE_CODE = YES;
				CLANG_WARN__DUPLICATE_METHOD_MATCH = YES;
				"CODE_SIGN_IDENTITY[sdk=iphoneos*]" = "iPhone Developer";
				COPY_PHASE_STRIP = NO;
				DEBUG_INFORMATION_FORMAT = dwarf;
				ENABLE_STRICT_OBJC_MSGSEND = YES;
				ENABLE_TESTABILITY = YES;
				GCC_C_LANGUAGE_STANDARD = gnu99;
				GCC_DYNAMIC_NO_PIC = NO;
				GCC_NO_COMMON_BLOCKS = YES;
				GCC_OPTIMIZATION_LEVEL = 0;
				GCC_PREPROCESSOR_DEFINITIONS = (
					"DEBUG=1",
					"$(inherited)",
				);
				GCC_WARN_64_TO_32_BIT_CONVERSION = YES;
				GCC_WARN_ABOUT_RETURN_TYPE = YES_ERROR;
				GCC_WARN_UNDECLARED_SELECTOR = YES;
				GCC_WARN_UNINITIALIZED_AUTOS = YES_AGGRESSIVE;
				GCC_WARN_UNUSED_FUNCTION = YES;
				GCC_WARN_UNUSED_VARIABLE = YES;
				IPHONEOS_DEPLOYMENT_TARGET = 9.1;
				MTL_ENABLE_DEBUG_INFO = YES;
				ONLY_ACTIVE_ARCH = YES;
				SDKROOT = iphoneos;
			};
			name = Debug;
		};
		924F50311C094A3C002F8F2B /* Release */ = {
			isa = XCBuildConfiguration;
			buildSettings = {
				ALWAYS_SEARCH_USER_PATHS = NO;
				CLANG_CXX_LANGUAGE_STANDARD = "gnu++0x";
				CLANG_CXX_LIBRARY = "libc++";
				CLANG_ENABLE_MODULES = YES;
				CLANG_ENABLE_OBJC_ARC = YES;
				CLANG_WARN_BOOL_CONVERSION = YES;
				CLANG_WARN_CONSTANT_CONVERSION = YES;
				CLANG_WARN_DIRECT_OBJC_ISA_USAGE = YES_ERROR;
				CLANG_WARN_EMPTY_BODY = YES;
				CLANG_WARN_ENUM_CONVERSION = YES;
				CLANG_WARN_INT_CONVERSION = YES;
				CLANG_WARN_OBJC_ROOT_CLASS = YES_ERROR;
				CLANG_WARN_UNREACHABLE_CODE = YES;
				CLANG_WARN__DUPLICATE_METHOD_MATCH = YES;
				"CODE_SIGN_IDENTITY[sdk=iphoneos*]" = "iPhone Developer";
				COPY_PHASE_STRIP = NO;
				DEBUG_INFORMATION_FORMAT = "dwarf-with-dsym";
				ENABLE_NS_ASSERTIONS = NO;
				ENABLE_STRICT_OBJC_MSGSEND = YES;
				GCC_C_LANGUAGE_STANDARD = gnu99;
				GCC_NO_COMMON_BLOCKS = YES;
				GCC_WARN_64_TO_32_BIT_CONVERSION = YES;
				GCC_WARN_ABOUT_RETURN_TYPE = YES_ERROR;
				GCC_WARN_UNDECLARED_SELECTOR = YES;
				GCC_WARN_UNINITIALIZED_AUTOS = YES_AGGRESSIVE;
				GCC_WARN_UNUSED_FUNCTION = YES;
				GCC_WARN_UNUSED_VARIABLE = YES;
				IPHONEOS_DEPLOYMENT_TARGET = 9.1;
				MTL_ENABLE_DEBUG_INFO = NO;
				SDKROOT = iphoneos;
				VALIDATE_PRODUCT = YES;
			};
			name = Release;
		};
		924F50331C094A3C002F8F2B /* Debug */ = {
			isa = XCBuildConfiguration;
			baseConfigurationReference = 6D8A82074A87F9960AB2D523 /* Pods.debug.xcconfig */;
			buildSettings = {
				ASSETCATALOG_COMPILER_APPICON_NAME = AppIcon;
				INFOPLIST_FILE = FakeZhihuDaily/Info.plist;
				LD_RUNPATH_SEARCH_PATHS = "$(inherited) @executable_path/Frameworks";
				PRODUCT_BUNDLE_IDENTIFIER = com.zach.FakeZhihuDaily;
				PRODUCT_NAME = "$(TARGET_NAME)";
			};
			name = Debug;
		};
		924F50341C094A3C002F8F2B /* Release */ = {
			isa = XCBuildConfiguration;
			baseConfigurationReference = F3EFCFA7F704151211525DA8 /* Pods.release.xcconfig */;
			buildSettings = {
				ASSETCATALOG_COMPILER_APPICON_NAME = AppIcon;
				INFOPLIST_FILE = FakeZhihuDaily/Info.plist;
				LD_RUNPATH_SEARCH_PATHS = "$(inherited) @executable_path/Frameworks";
				PRODUCT_BUNDLE_IDENTIFIER = com.zach.FakeZhihuDaily;
				PRODUCT_NAME = "$(TARGET_NAME)";
			};
			name = Release;
		};
/* End XCBuildConfiguration section */

/* Begin XCConfigurationList section */
		924F50161C094A3C002F8F2B /* Build configuration list for PBXProject "FakeZhihuDaily" */ = {
			isa = XCConfigurationList;
			buildConfigurations = (
				924F50301C094A3C002F8F2B /* Debug */,
				924F50311C094A3C002F8F2B /* Release */,
			);
			defaultConfigurationIsVisible = 0;
			defaultConfigurationName = Release;
		};
		924F50321C094A3C002F8F2B /* Build configuration list for PBXNativeTarget "FakeZhihuDaily" */ = {
			isa = XCConfigurationList;
			buildConfigurations = (
				924F50331C094A3C002F8F2B /* Debug */,
				924F50341C094A3C002F8F2B /* Release */,
			);
			defaultConfigurationIsVisible = 0;
			defaultConfigurationName = Release;
		};
/* End XCConfigurationList section */
	};
	rootObject = 924F50131C094A3C002F8F2B /* Project object */;
}
